
Microsoft Visual Studio Solution File, Format Version 12.00
# Visual Studio 15
VisualStudioVersion = 15.0.28010.2036
MinimumVisualStudioVersion = 10.0.40219.1
Project("{FAE04EC0-301F-11D3-BF4B-00C04F79EFBC}") = "WCFBiblioteca", "WCFBiblioteca\WCFBiblioteca.csproj", "{E3ED6507-A6BC-4AD2-9269-1E6F7CC9D50A}"
EndProject
Project("{FAE04EC0-301F-11D3-BF4B-00C04F79EFBC}") = "WCFBibliotecaTest", "WCFBibliotecaTest\WCFBibliotecaTest.csproj", "{1E7505C4-411F-4FBD-AAFE-1579D1075BF3}"
	ProjectSection(ProjectDependencies) = postProject
		{E3ED6507-A6BC-4AD2-9269-1E6F7CC9D50A} = {E3ED6507-A6BC-4AD2-9269-1E6F7CC9D50A}
	EndProjectSection
EndProject
Global
	GlobalSection(SolutionConfigurationPlatforms) = preSolution
		Debug|Any CPU = Debug|Any CPU
		Release|Any CPU = Release|Any CPU
	EndGlobalSection
	GlobalSection(ProjectConfigurationPlatforms) = postSolution
		{E3ED6507-A6BC-4AD2-9269-1E6F7CC9D50A}.Debug|Any CPU.ActiveCfg = Debug|Any CPU
		{E3ED6507-A6BC-4AD2-9269-1E6F7CC9D50A}.Debug|Any CPU.Build.0 = Debug|Any CPU
		{E3ED6507-A6BC-4AD2-9269-1E6F7CC9D50A}.Release|Any CPU.ActiveCfg = Release|Any CPU
		{E3ED6507-A6BC-4AD2-9269-1E6F7CC9D50A}.Release|Any CPU.Build.0 = Release|Any CPU
		{1E7505C4-411F-4FBD-AAFE-1579D1075BF3}.Debug|Any CPU.ActiveCfg = Debug|Any CPU
		{1E7505C4-411F-4FBD-AAFE-1579D1075BF3}.Debug|Any CPU.Build.0 = Debug|Any CPU
		{1E7505C4-411F-4FBD-AAFE-1579D1075BF3}.Release|Any CPU.ActiveCfg = Release|Any CPU
		{1E7505C4-411F-4FBD-AAFE-1579D1075BF3}.Release|Any CPU.Build.0 = Release|Any CPU
	EndGlobalSection
	GlobalSection(SolutionProperties) = preSolution
		HideSolutionNode = FALSE
	EndGlobalSection
	GlobalSection(ExtensibilityGlobals) = postSolution
		SolutionGuid = {A9A45595-C61B-4918-9025-5662A7669DAC}
	EndGlobalSection
EndGlobal
